// !$*UTF8*$!
{
	archiveVersion = 1;
	classes = {
	};
	objectVersion = 46;
	objects = {

/* Begin PBXBuildFile section */
		3C9A7948BD104D9394A2B450 /* libPods.a in Frameworks */ = {isa = PBXBuildFile; fileRef = 7DD0E5B16BEE4BBDB23DD439 /* libPods.a */; };
		9193FCC31835956C00B2F814 /* ESTableViewController.m in Sources */ = {isa = PBXBuildFile; fileRef = 9193FCC21835956C00B2F814 /* ESTableViewController.m */; };
		9193FCC61835A45A00B2F814 /* ESWeatherCell.m in Sources */ = {isa = PBXBuildFile; fileRef = 9193FCC51835A45A00B2F814 /* ESWeatherCell.m */; };
		91E9BFF31831E7EC00F9BD5E /* Foundation.framework in Frameworks */ = {isa = PBXBuildFile; fileRef = 91E9BFF21831E7EC00F9BD5E /* Foundation.framework */; };
		91E9BFF51831E7EC00F9BD5E /* CoreGraphics.framework in Frameworks */ = {isa = PBXBuildFile; fileRef = 91E9BFF41831E7EC00F9BD5E /* CoreGraphics.framework */; };
		91E9BFF71831E7EC00F9BD5E /* UIKit.framework in Frameworks */ = {isa = PBXBuildFile; fileRef = 91E9BFF61831E7EC00F9BD5E /* UIKit.framework */; };
		91E9BFFD1831E7EC00F9BD5E /* InfoPlist.strings in Resources */ = {isa = PBXBuildFile; fileRef = 91E9BFFB1831E7EC00F9BD5E /* InfoPlist.strings */; };
		91E9BFFF1831E7EC00F9BD5E /* main.m in Sources */ = {isa = PBXBuildFile; fileRef = 91E9BFFE1831E7EC00F9BD5E /* main.m */; };
		91E9C0031831E7EC00F9BD5E /* ESAppDelegate.m in Sources */ = {isa = PBXBuildFile; fileRef = 91E9C0021831E7EC00F9BD5E /* ESAppDelegate.m */; };
		91E9C0061831E7EC00F9BD5E /* Main.storyboard in Resources */ = {isa = PBXBuildFile; fileRef = 91E9C0041831E7EC00F9BD5E /* Main.storyboard */; };
		91E9C00B1831E7EC00F9BD5E /* Images.xcassets in Resources */ = {isa = PBXBuildFile; fileRef = 91E9C00A1831E7EC00F9BD5E /* Images.xcassets */; };
		91E9C0121831E7EC00F9BD5E /* XCTest.framework in Frameworks */ = {isa = PBXBuildFile; fileRef = 91E9C0111831E7EC00F9BD5E /* XCTest.framework */; };
		91E9C0131831E7EC00F9BD5E /* Foundation.framework in Frameworks */ = {isa = PBXBuildFile; fileRef = 91E9BFF21831E7EC00F9BD5E /* Foundation.framework */; };
		91E9C0141831E7EC00F9BD5E /* UIKit.framework in Frameworks */ = {isa = PBXBuildFile; fileRef = 91E9BFF61831E7EC00F9BD5E /* UIKit.framework */; };
		91E9C01C1831E7EC00F9BD5E /* InfoPlist.strings in Resources */ = {isa = PBXBuildFile; fileRef = 91E9C01A1831E7EC00F9BD5E /* InfoPlist.strings */; };
		91E9C01E1831E7EC00F9BD5E /* WeatherAppTests.m in Sources */ = {isa = PBXBuildFile; fileRef = 91E9C01D1831E7EC00F9BD5E /* WeatherAppTests.m */; };
		91E9C0291831E81600F9BD5E /* ESWeatherData.m in Sources */ = {isa = PBXBuildFile; fileRef = 91E9C0281831E81600F9BD5E /* ESWeatherData.m */; };
/* End PBXBuildFile section */

/* Begin PBXContainerItemProxy section */
		91E9C0151831E7EC00F9BD5E /* PBXContainerItemProxy */ = {
			isa = PBXContainerItemProxy;
			containerPortal = 91E9BFE71831E7EC00F9BD5E /* Project object */;
			proxyType = 1;
			remoteGlobalIDString = 91E9BFEE1831E7EC00F9BD5E;
			remoteInfo = WeatherApp;
		};
/* End PBXContainerItemProxy section */

/* Begin PBXFileReference section */
		7DD0E5B16BEE4BBDB23DD439 /* libPods.a */ = {isa = PBXFileReference; explicitFileType = archive.ar; includeInIndex = 0; path = libPods.a; sourceTree = BUILT_PRODUCTS_DIR; };
		9193FCC11835956C00B2F814 /* ESTableViewController.h */ = {isa = PBXFileReference; fileEncoding = 4; lastKnownFileType = sourcecode.c.h; path = ESTableViewController.h; sourceTree = "<group>"; };
		9193FCC21835956C00B2F814 /* ESTableViewController.m */ = {isa = PBXFileReference; fileEncoding = 4; lastKnownFileType = sourcecode.c.objc; path = ESTableViewController.m; sourceTree = "<group>"; };
		9193FCC41835A45A00B2F814 /* ESWeatherCell.h */ = {isa = PBXFileReference; fileEncoding = 4; lastKnownFileType = sourcecode.c.h; path = ESWeatherCell.h; sourceTree = "<group>"; };
		9193FCC51835A45A00B2F814 /* ESWeatherCell.m */ = {isa = PBXFileReference; fileEncoding = 4; lastKnownFileType = sourcecode.c.objc; path = ESWeatherCell.m; sourceTree = "<group>"; };
		91E9BFEF1831E7EC00F9BD5E /* WeatherApp.app */ = {isa = PBXFileReference; explicitFileType = wrapper.application; includeInIndex = 0; path = WeatherApp.app; sourceTree = BUILT_PRODUCTS_DIR; };
		91E9BFF21831E7EC00F9BD5E /* Foundation.framework */ = {isa = PBXFileReference; lastKnownFileType = wrapper.framework; name = Foundation.framework; path = System/Library/Frameworks/Foundation.framework; sourceTree = SDKROOT; };
		91E9BFF41831E7EC00F9BD5E /* CoreGraphics.framework */ = {isa = PBXFileReference; lastKnownFileType = wrapper.framework; name = CoreGraphics.framework; path = System/Library/Frameworks/CoreGraphics.framework; sourceTree = SDKROOT; };
		91E9BFF61831E7EC00F9BD5E /* UIKit.framework */ = {isa = PBXFileReference; lastKnownFileType = wrapper.framework; name = UIKit.framework; path = System/Library/Frameworks/UIKit.framework; sourceTree = SDKROOT; };
		91E9BFFA1831E7EC00F9BD5E /* WeatherApp-Info.plist */ = {isa = PBXFileReference; lastKnownFileType = text.plist.xml; path = "WeatherApp-Info.plist"; sourceTree = "<group>"; };
		91E9BFFC1831E7EC00F9BD5E /* en */ = {isa = PBXFileReference; lastKnownFileType = text.plist.strings; name = en; path = en.lproj/InfoPlist.strings; sourceTree = "<group>"; };
		91E9BFFE1831E7EC00F9BD5E /* main.m */ = {isa = PBXFileReference; lastKnownFileType = sourcecode.c.objc; path = main.m; sourceTree = "<group>"; };
		91E9C0001831E7EC00F9BD5E /* WeatherApp-Prefix.pch */ = {isa = PBXFileReference; lastKnownFileType = sourcecode.c.h; path = "WeatherApp-Prefix.pch"; sourceTree = "<group>"; };
		91E9C0011831E7EC00F9BD5E /* ESAppDelegate.h */ = {isa = PBXFileReference; lastKnownFileType = sourcecode.c.h; path = ESAppDelegate.h; sourceTree = "<group>"; };
		91E9C0021831E7EC00F9BD5E /* ESAppDelegate.m */ = {isa = PBXFileReference; lastKnownFileType = sourcecode.c.objc; path = ESAppDelegate.m; sourceTree = "<group>"; };
		91E9C0051831E7EC00F9BD5E /* Base */ = {isa = PBXFileReference; lastKnownFileType = file.storyboard; name = Base; path = Base.lproj/Main.storyboard; sourceTree = "<group>"; };
		91E9C00A1831E7EC00F9BD5E /* Images.xcassets */ = {isa = PBXFileReference; lastKnownFileType = folder.assetcatalog; path = Images.xcassets; sourceTree = "<group>"; };
		91E9C0101831E7EC00F9BD5E /* WeatherAppTests.xctest */ = {isa = PBXFileReference; explicitFileType = wrapper.cfbundle; includeInIndex = 0; path = WeatherAppTests.xctest; sourceTree = BUILT_PRODUCTS_DIR; };
		91E9C0111831E7EC00F9BD5E /* XCTest.framework */ = {isa = PBXFileReference; lastKnownFileType = wrapper.framework; name = XCTest.framework; path = Library/Frameworks/XCTest.framework; sourceTree = DEVELOPER_DIR; };
		91E9C0191831E7EC00F9BD5E /* WeatherAppTests-Info.plist */ = {isa = PBXFileReference; lastKnownFileType = text.plist.xml; path = "WeatherAppTests-Info.plist"; sourceTree = "<group>"; };
		91E9C01B1831E7EC00F9BD5E /* en */ = {isa = PBXFileReference; lastKnownFileType = text.plist.strings; name = en; path = en.lproj/InfoPlist.strings; sourceTree = "<group>"; };
		91E9C01D1831E7EC00F9BD5E /* WeatherAppTests.m */ = {isa = PBXFileReference; lastKnownFileType = sourcecode.c.objc; path = WeatherAppTests.m; sourceTree = "<group>"; };
		91E9C0271831E81600F9BD5E /* ESWeatherData.h */ = {isa = PBXFileReference; fileEncoding = 4; lastKnownFileType = sourcecode.c.h; name = ESWeatherData.h; path = ../ESWeatherData.h; sourceTree = "<group>"; };
		91E9C0281831E81600F9BD5E /* ESWeatherData.m */ = {isa = PBXFileReference; fileEncoding = 4; lastKnownFileType = sourcecode.c.objc; name = ESWeatherData.m; path = ../ESWeatherData.m; sourceTree = "<group>"; };
		C3B3CF52B11548129D7BF0BA /* Pods.xcconfig */ = {isa = PBXFileReference; includeInIndex = 1; lastKnownFileType = text.xcconfig; name = Pods.xcconfig; path = Pods/Pods.xcconfig; sourceTree = "<group>"; };
/* End PBXFileReference section */

/* Begin PBXFrameworksBuildPhase section */
		91E9BFEC1831E7EC00F9BD5E /* Frameworks */ = {
			isa = PBXFrameworksBuildPhase;
			buildActionMask = 2147483647;
			files = (
				91E9BFF51831E7EC00F9BD5E /* CoreGraphics.framework in Frameworks */,
				91E9BFF71831E7EC00F9BD5E /* UIKit.framework in Frameworks */,
				91E9BFF31831E7EC00F9BD5E /* Foundation.framework in Frameworks */,
				3C9A7948BD104D9394A2B450 /* libPods.a in Frameworks */,
			);
			runOnlyForDeploymentPostprocessing = 0;
		};
		91E9C00D1831E7EC00F9BD5E /* Frameworks */ = {
			isa = PBXFrameworksBuildPhase;
			buildActionMask = 2147483647;
			files = (
				91E9C0121831E7EC00F9BD5E /* XCTest.framework in Frameworks */,
				91E9C0141831E7EC00F9BD5E /* UIKit.framework in Frameworks */,
				91E9C0131831E7EC00F9BD5E /* Foundation.framework in Frameworks */,
			);
			runOnlyForDeploymentPostprocessing = 0;
		};
/* End PBXFrameworksBuildPhase section */

/* Begin PBXGroup section */
		91E9BFE61831E7EC00F9BD5E = {
			isa = PBXGroup;
			children = (
				91E9BFF81831E7EC00F9BD5E /* WeatherApp */,
				91E9C0171831E7EC00F9BD5E /* WeatherAppTests */,
				91E9BFF11831E7EC00F9BD5E /* Frameworks */,
				91E9BFF01831E7EC00F9BD5E /* Products */,
				C3B3CF52B11548129D7BF0BA /* Pods.xcconfig */,
			);
			sourceTree = "<group>";
		};
		91E9BFF01831E7EC00F9BD5E /* Products */ = {
			isa = PBXGroup;
			children = (
				91E9BFEF1831E7EC00F9BD5E /* WeatherApp.app */,
				91E9C0101831E7EC00F9BD5E /* WeatherAppTests.xctest */,
			);
			name = Products;
			sourceTree = "<group>";
		};
		91E9BFF11831E7EC00F9BD5E /* Frameworks */ = {
			isa = PBXGroup;
			children = (
				91E9BFF21831E7EC00F9BD5E /* Foundation.framework */,
				91E9BFF41831E7EC00F9BD5E /* CoreGraphics.framework */,
				91E9BFF61831E7EC00F9BD5E /* UIKit.framework */,
				91E9C0111831E7EC00F9BD5E /* XCTest.framework */,
				7DD0E5B16BEE4BBDB23DD439 /* libPods.a */,
			);
			name = Frameworks;
			sourceTree = "<group>";
		};
		91E9BFF81831E7EC00F9BD5E /* WeatherApp */ = {
			isa = PBXGroup;
			children = (
				91E9C0011831E7EC00F9BD5E /* ESAppDelegate.h */,
				91E9C0021831E7EC00F9BD5E /* ESAppDelegate.m */,
				91E9C0041831E7EC00F9BD5E /* Main.storyboard */,
				9193FCC41835A45A00B2F814 /* ESWeatherCell.h */,
				9193FCC51835A45A00B2F814 /* ESWeatherCell.m */,
				9193FCC11835956C00B2F814 /* ESTableViewController.h */,
				9193FCC21835956C00B2F814 /* ESTableViewController.m */,
				91E9C0271831E81600F9BD5E /* ESWeatherData.h */,
				91E9C0281831E81600F9BD5E /* ESWeatherData.m */,
				91E9C00A1831E7EC00F9BD5E /* Images.xcassets */,
				91E9BFF91831E7EC00F9BD5E /* Supporting Files */,
			);
			path = WeatherApp;
			sourceTree = "<group>";
		};
		91E9BFF91831E7EC00F9BD5E /* Supporting Files */ = {
			isa = PBXGroup;
			children = (
				91E9BFFA1831E7EC00F9BD5E /* WeatherApp-Info.plist */,
				91E9BFFB1831E7EC00F9BD5E /* InfoPlist.strings */,
				91E9BFFE1831E7EC00F9BD5E /* main.m */,
				91E9C0001831E7EC00F9BD5E /* WeatherApp-Prefix.pch */,
			);
			name = "Supporting Files";
			sourceTree = "<group>";
		};
		91E9C0171831E7EC00F9BD5E /* WeatherAppTests */ = {
			isa = PBXGroup;
			children = (
				91E9C01D1831E7EC00F9BD5E /* WeatherAppTests.m */,
				91E9C0181831E7EC00F9BD5E /* Supporting Files */,
			);
			path = WeatherAppTests;
			sourceTree = "<group>";
		};
		91E9C0181831E7EC00F9BD5E /* Supporting Files */ = {
			isa = PBXGroup;
			children = (
				91E9C0191831E7EC00F9BD5E /* WeatherAppTests-Info.plist */,
				91E9C01A1831E7EC00F9BD5E /* InfoPlist.strings */,
			);
			name = "Supporting Files";
			sourceTree = "<group>";
		};
/* End PBXGroup section */

/* Begin PBXNativeTarget section */
		91E9BFEE1831E7EC00F9BD5E /* WeatherApp */ = {
			isa = PBXNativeTarget;
			buildConfigurationList = 91E9C0211831E7EC00F9BD5E /* Build configuration list for PBXNativeTarget "WeatherApp" */;
			buildPhases = (
				F3D9FF3831A249C1AF58E29D /* Check Pods Manifest.lock */,
				91E9BFEB1831E7EC00F9BD5E /* Sources */,
				91E9BFEC1831E7EC00F9BD5E /* Frameworks */,
				91E9BFED1831E7EC00F9BD5E /* Resources */,
				DFEFE6F1C4424AD09EF3B91B /* Copy Pods Resources */,
			);
			buildRules = (
			);
			dependencies = (
			);
			name = WeatherApp;
			productName = WeatherApp;
			productReference = 91E9BFEF1831E7EC00F9BD5E /* WeatherApp.app */;
			productType = "com.apple.product-type.application";
		};
		91E9C00F1831E7EC00F9BD5E /* WeatherAppTests */ = {
			isa = PBXNativeTarget;
			buildConfigurationList = 91E9C0241831E7EC00F9BD5E /* Build configuration list for PBXNativeTarget "WeatherAppTests" */;
			buildPhases = (
				91E9C00C1831E7EC00F9BD5E /* Sources */,
				91E9C00D1831E7EC00F9BD5E /* Frameworks */,
				91E9C00E1831E7EC00F9BD5E /* Resources */,
			);
			buildRules = (
			);
			dependencies = (
				91E9C0161831E7EC00F9BD5E /* PBXTargetDependency */,
			);
			name = WeatherAppTests;
			productName = WeatherAppTests;
			productReference = 91E9C0101831E7EC00F9BD5E /* WeatherAppTests.xctest */;
			productType = "com.apple.product-type.bundle.unit-test";
		};
/* End PBXNativeTarget section */

/* Begin PBXProject section */
		91E9BFE71831E7EC00F9BD5E /* Project object */ = {
			isa = PBXProject;
			attributes = {
				CLASSPREFIX = ES;
				LastUpgradeCheck = 0500;
				ORGANIZATIONNAME = Sierra;
				TargetAttributes = {
					91E9C00F1831E7EC00F9BD5E = {
						TestTargetID = 91E9BFEE1831E7EC00F9BD5E;
					};
				};
			};
			buildConfigurationList = 91E9BFEA1831E7EC00F9BD5E /* Build configuration list for PBXProject "WeatherApp" */;
			compatibilityVersion = "Xcode 3.2";
			developmentRegion = English;
			hasScannedForEncodings = 0;
			knownRegions = (
				en,
				Base,
			);
			mainGroup = 91E9BFE61831E7EC00F9BD5E;
			productRefGroup = 91E9BFF01831E7EC00F9BD5E /* Products */;
			projectDirPath = "";
			projectRoot = "";
			targets = (
				91E9BFEE1831E7EC00F9BD5E /* WeatherApp */,
				91E9C00F1831E7EC00F9BD5E /* WeatherAppTests */,
			);
		};
/* End PBXProject section */

/* Begin PBXResourcesBuildPhase section */
		91E9BFED1831E7EC00F9BD5E /* Resources */ = {
			isa = PBXResourcesBuildPhase;
			buildActionMask = 2147483647;
			files = (
				91E9C00B1831E7EC00F9BD5E /* Images.xcassets in Resources */,
				91E9BFFD1831E7EC00F9BD5E /* InfoPlist.strings in Resources */,
				91E9C0061831E7EC00F9BD5E /* Main.storyboard in Resources */,
			);
			runOnlyForDeploymentPostprocessing = 0;
		};
		91E9C00E1831E7EC00F9BD5E /* Resources */ = {
			isa = PBXResourcesBuildPhase;
			buildActionMask = 2147483647;
			files = (
				91E9C01C1831E7EC00F9BD5E /* InfoPlist.strings in Resources */,
			);
			runOnlyForDeploymentPostprocessing = 0;
		};
/* End PBXResourcesBuildPhase section */

/* Begin PBXShellScriptBuildPhase section */
		DFEFE6F1C4424AD09EF3B91B /* Copy Pods Resources */ = {
			isa = PBXShellScriptBuildPhase;
			buildActionMask = 2147483647;
			files = (
			);
			inputPaths = (
			);
			name = "Copy Pods Resources";
			outputPaths = (
			);
			runOnlyForDeploymentPostprocessing = 0;
			shellPath = /bin/sh;
			shellScript = "\"${SRCROOT}/Pods/Pods-resources.sh\"\n";
			showEnvVarsInLog = 0;
		};
		F3D9FF3831A249C1AF58E29D /* Check Pods Manifest.lock */ = {
			isa = PBXShellScriptBuildPhase;
			buildActionMask = 2147483647;
			files = (
			);
			inputPaths = (
			);
			name = "Check Pods Manifest.lock";
			outputPaths = (
			);
			runOnlyForDeploymentPostprocessing = 0;
			shellPath = /bin/sh;
			shellScript = "diff \"${PODS_ROOT}/../Podfile.lock\" \"${PODS_ROOT}/Manifest.lock\" > /dev/null\nif [[ $? != 0 ]] ; then\n    cat << EOM\nerror: The sandbox is not in sync with the Podfile.lock. Run 'pod install' or update your CocoaPods installation.\nEOM\n    exit 1\nfi\n";
			showEnvVarsInLog = 0;
		};
/* End PBXShellScriptBuildPhase section */

/* Begin PBXSourcesBuildPhase section */
		91E9BFEB1831E7EC00F9BD5E /* Sources */ = {
			isa = PBXSourcesBuildPhase;
			buildActionMask = 2147483647;
			files = (
				91E9C0291831E81600F9BD5E /* ESWeatherData.m in Sources */,
				9193FCC31835956C00B2F814 /* ESTableViewController.m in Sources */,
				9193FCC61835A45A00B2F814 /* ESWeatherCell.m in Sources */,
				91E9C0031831E7EC00F9BD5E /* ESAppDelegate.m in Sources */,
				91E9BFFF1831E7EC00F9BD5E /* main.m in Sources */,
			);
			runOnlyForDeploymentPostprocessing = 0;
		};
		91E9C00C1831E7EC00F9BD5E /* Sources */ = {
			isa = PBXSourcesBuildPhase;
			buildActionMask = 2147483647;
			files = (
				91E9C01E1831E7EC00F9BD5E /* WeatherAppTests.m in Sources */,
			);
			runOnlyForDeploymentPostprocessing = 0;
		};
/* End PBXSourcesBuildPhase section */

/* Begin PBXTargetDependency section */
		91E9C0161831E7EC00F9BD5E /* PBXTargetDependency */ = {
			isa = PBXTargetDependency;
			target = 91E9BFEE1831E7EC00F9BD5E /* WeatherApp */;
			targetProxy = 91E9C0151831E7EC00F9BD5E /* PBXContainerItemProxy */;
		};
/* End PBXTargetDependency section */

/* Begin PBXVariantGroup section */
		91E9BFFB1831E7EC00F9BD5E /* InfoPlist.strings */ = {
			isa = PBXVariantGroup;
			children = (
				91E9BFFC1831E7EC00F9BD5E /* en */,
			);
			name = InfoPlist.strings;
			sourceTree = "<group>";
		};
		91E9C0041831E7EC00F9BD5E /* Main.storyboard */ = {
			isa = PBXVariantGroup;
			children = (
				91E9C0051831E7EC00F9BD5E /* Base */,
			);
			name = Main.storyboard;
			sourceTree = "<group>";
		};
		91E9C01A1831E7EC00F9BD5E /* InfoPlist.strings */ = {
			isa = PBXVariantGroup;
			children = (
				91E9C01B1831E7EC00F9BD5E /* en */,
			);
			name = InfoPlist.strings;
			sourceTree = "<group>";
		};
/* End PBXVariantGroup section */

/* Begin XCBuildConfiguration section */
		91E9C01F1831E7EC00F9BD5E /* Debug */ = {
			isa = XCBuildConfiguration;
			buildSettings = {
				ALWAYS_SEARCH_USER_PATHS = NO;
				ARCHS = "$(ARCHS_STANDARD_INCLUDING_64_BIT)";
				CLANG_CXX_LANGUAGE_STANDARD = "gnu++0x";
				CLANG_CXX_LIBRARY = "libc++";
				CLANG_ENABLE_MODULES = YES;
				CLANG_ENABLE_OBJC_ARC = YES;
				CLANG_WARN_BOOL_CONVERSION = YES;
				CLANG_WARN_CONSTANT_CONVERSION = YES;
				CLANG_WARN_DIRECT_OBJC_ISA_USAGE = YES_ERROR;
				CLANG_WARN_EMPTY_BODY = YES;
				CLANG_WARN_ENUM_CONVERSION = YES;
				CLANG_WARN_INT_CONVERSION = YES;
				CLANG_WARN_OBJC_ROOT_CLASS = YES_ERROR;
				CLANG_WARN__DUPLICATE_METHOD_MATCH = YES;
				"CODE_SIGN_IDENTITY[sdk=iphoneos*]" = "iPhone Developer";
				COPY_PHASE_STRIP = NO;
				GCC_C_LANGUAGE_STANDARD = gnu99;
				GCC_DYNAMIC_NO_PIC = NO;
				GCC_OPTIMIZATION_LEVEL = 0;
				GCC_PREPROCESSOR_DEFINITIONS = (
					"DEBUG=1",
					"$(inherited)",
				);
				GCC_SYMBOLS_PRIVATE_EXTERN = NO;
				GCC_WARN_64_TO_32_BIT_CONVERSION = YES;
				GCC_WARN_ABOUT_RETURN_TYPE = YES_ERROR;
				GCC_WARN_UNDECLARED_SELECTOR = YES;
				GCC_WARN_UNINITIALIZED_AUTOS = YES;
				GCC_WARN_UNUSED_FUNCTION = YES;
				GCC_WARN_UNUSED_VARIABLE = YES;
				IPHONEOS_DEPLOYMENT_TARGET = 7.0;
				ONLY_ACTIVE_ARCH = YES;
				SDKROOT = iphoneos;
			};
			name = Debug;
		};
		91E9C0201831E7EC00F9BD5E /* Release */ = {
			isa = XCBuildConfiguration;
			buildSettings = {
				ALWAYS_SEARCH_USER_PATHS = NO;
				ARCHS = "$(ARCHS_STANDARD_INCLUDING_64_BIT)";
				CLANG_CXX_LANGUAGE_STANDARD = "gnu++0x";
				CLANG_CXX_LIBRARY = "libc++";
				CLANG_ENABLE_MODULES = YES;
				CLANG_ENABLE_OBJC_ARC = YES;
				CLANG_WARN_BOOL_CONVERSION = YES;
				CLANG_WARN_CONSTANT_CONVERSION = YES;
				CLANG_WARN_DIRECT_OBJC_ISA_USAGE = YES_ERROR;
				CLANG_WARN_EMPTY_BODY = YES;
				CLANG_WARN_ENUM_CONVERSION = YES;
				CLANG_WARN_INT_CONVERSION = YES;
				CLANG_WARN_OBJC_ROOT_CLASS = YES_ERROR;
				CLANG_WARN__DUPLICATE_METHOD_MATCH = YES;
				"CODE_SIGN_IDENTITY[sdk=iphoneos*]" = "iPhone Developer";
				COPY_PHASE_STRIP = YES;
				ENABLE_NS_ASSERTIONS = NO;
				GCC_C_LANGUAGE_STANDARD = gnu99;
				GCC_WARN_64_TO_32_BIT_CONVERSION = YES;
				GCC_WARN_ABOUT_RETURN_TYPE = YES_ERROR;
				GCC_WARN_UNDECLARED_SELECTOR = YES;
				GCC_WARN_UNINITIALIZED_AUTOS = YES;
				GCC_WARN_UNUSED_FUNCTION = YES;
				GCC_WARN_UNUSED_VARIABLE = YES;
				IPHONEOS_DEPLOYMENT_TARGET = 7.0;
				SDKROOT = iphoneos;
				VALIDATE_PRODUCT = YES;
			};
			name = Release;
		};
		91E9C0221831E7EC00F9BD5E /* Debug */ = {
			isa = XCBuildConfiguration;
			baseConfigurationReference = C3B3CF52B11548129D7BF0BA /* Pods.xcconfig */;
			buildSettings = {
				ASSETCATALOG_COMPILER_APPICON_NAME = AppIcon;
				ASSETCATALOG_COMPILER_LAUNCHIMAGE_NAME = LaunchImage;
				GCC_PRECOMPILE_PREFIX_HEADER = YES;
				GCC_PREFIX_HEADER = "WeatherApp/WeatherApp-Prefix.pch";
				INFOPLIST_FILE = "WeatherApp/WeatherApp-Info.plist";
				PRODUCT_NAME = "$(TARGET_NAME)";
				WRAPPER_EXTENSION = app;
			};
			name = Debug;
		};
		91E9C0231831E7EC00F9BD5E /* Release */ = {
			isa = XCBuildConfiguration;
			baseConfigurationReference = C3B3CF52B11548129D7BF0BA /* Pods.xcconfig */;
			buildSettings = {
				ASSETCATALOG_COMPILER_APPICON_NAME = AppIcon;
				ASSETCATALOG_COMPILER_LAUNCHIMAGE_NAME = LaunchImage;
				GCC_PRECOMPILE_PREFIX_HEADER = YES;
				GCC_PREFIX_HEADER = "WeatherApp/WeatherApp-Prefix.pch";
				INFOPLIST_FILE = "WeatherApp/WeatherApp-Info.plist";
				PRODUCT_NAME = "$(TARGET_NAME)";
				WRAPPER_EXTENSION = app;
			};
			name = Release;
		};
		91E9C0251831E7EC00F9BD5E /* Debug */ = {
			isa = XCBuildConfiguration;
			buildSettings = {
				ARCHS = "$(ARCHS_STANDARD_INCLUDING_64_BIT)";
				BUNDLE_LOADER = "$(BUILT_PRODUCTS_DIR)/WeatherApp.app/WeatherApp";
				FRAMEWORK_SEARCH_PATHS = (
					"$(SDKROOT)/Developer/Library/Frameworks",
					"$(inherited)",
					"$(DEVELOPER_FRAMEWORKS_DIR)",
				);
				GCC_PRECOMPILE_PREFIX_HEADER = YES;
				GCC_PREFIX_HEADER = "WeatherApp/WeatherApp-Prefix.pch";
				GCC_PREPROCESSOR_DEFINITIONS = (
					"DEBUG=1",
					"$(inherited)",
				);
				INFOPLIST_FILE = "WeatherAppTests/WeatherAppTests-Info.plist";
				PRODUCT_NAME = "$(TARGET_NAME)";
				TEST_HOST = "$(BUNDLE_LOADER)";
				WRAPPER_EXTENSION = xctest;
			};
			name = Debug;
		};
		91E9C0261831E7EC00F9BD5E /* Release */ = {
			isa = XCBuildConfiguration;
			buildSettings = {
				ARCHS = "$(ARCHS_STANDARD_INCLUDING_64_BIT)";
				BUNDLE_LOADER = "$(BUILT_PRODUCTS_DIR)/WeatherApp.app/WeatherApp";
				FRAMEWORK_SEARCH_PATHS = (
					"$(SDKROOT)/Developer/Library/Frameworks",
					"$(inherited)",
					"$(DEVELOPER_FRAMEWORKS_DIR)",
				);
				GCC_PRECOMPILE_PREFIX_HEADER = YES;
				GCC_PREFIX_HEADER = "WeatherApp/WeatherApp-Prefix.pch";
				INFOPLIST_FILE = "WeatherAppTests/WeatherAppTests-Info.plist";
				PRODUCT_NAME = "$(TARGET_NAME)";
				TEST_HOST = "$(BUNDLE_LOADER)";
				WRAPPER_EXTENSION = xctest;
			};
			name = Release;
		};
/* End XCBuildConfiguration section */

/* Begin XCConfigurationList section */
		91E9BFEA1831E7EC00F9BD5E /* Build configuration list for PBXProject "WeatherApp" */ = {
			isa = XCConfigurationList;
			buildConfigurations = (
				91E9C01F1831E7EC00F9BD5E /* Debug */,
				91E9C0201831E7EC00F9BD5E /* Release */,
			);
			defaultConfigurationIsVisible = 0;
			defaultConfigurationName = Release;
		};
		91E9C0211831E7EC00F9BD5E /* Build configuration list for PBXNativeTarget "WeatherApp" */ = {
			isa = XCConfigurationList;
			buildConfigurations = (
				91E9C0221831E7EC00F9BD5E /* Debug */,
				91E9C0231831E7EC00F9BD5E /* Release */,
			);
			defaultConfigurationIsVisible = 0;
			defaultConfigurationName = Release;
		};
		91E9C0241831E7EC00F9BD5E /* Build configuration list for PBXNativeTarget "WeatherAppTests" */ = {
			isa = XCConfigurationList;
			buildConfigurations = (
				91E9C0251831E7EC00F9BD5E /* Debug */,
				91E9C0261831E7EC00F9BD5E /* Release */,
			);
			defaultConfigurationIsVisible = 0;
			defaultConfigurationName = Release;
		};
/* End XCConfigurationList section */
	};
	rootObject = 91E9BFE71831E7EC00F9BD5E /* Project object */;
}
